
Microsoft Visual Studio Solution File, Format Version 12.00
# Visual Studio Version 16
VisualStudioVersion = 25.0.1706.0
MinimumVisualStudioVersion = 10.0.40219.1
Project("{FAE04EC0-301F-11D3-BF4B-00C04F79EFBC}") = "GameConsole", "GameConsole\GameConsole.csproj", "{82AAD2FC-1290-4A36-9525-6B920D786A86}"
EndProject
Project("{FAE04EC0-301F-11D3-BF4B-00C04F79EFBC}") = "GameConsole.Tests", "GameConsole.Tests\GameConsole.Tests.csproj", "{A4A90C9E-0CC1-47DA-99C5-7B97A09E7CBB}"
EndProject
Global
	GlobalSection(SolutionConfigurationPlatforms) = preSolution
		Debug|Any CPU = Debug|Any CPU
		Release|Any CPU = Release|Any CPU
	EndGlobalSection
	GlobalSection(ProjectConfigurationPlatforms) = postSolution
		{82AAD2FC-1290-4A36-9525-6B920D786A86}.Debug|Any CPU.ActiveCfg = Debug|Any CPU
		{82AAD2FC-1290-4A36-9525-6B920D786A86}.Debug|Any CPU.Build.0 = Debug|Any CPU
		{82AAD2FC-1290-4A36-9525-6B920D786A86}.Release|Any CPU.ActiveCfg = Release|Any CPU
		{82AAD2FC-1290-4A36-9525-6B920D786A86}.Release|Any CPU.Build.0 = Release|Any CPU
		{A4A90C9E-0CC1-47DA-99C5-7B97A09E7CBB}.Debug|Any CPU.ActiveCfg = Debug|Any CPU
		{A4A90C9E-0CC1-47DA-99C5-7B97A09E7CBB}.Debug|Any CPU.Build.0 = Debug|Any CPU
		{A4A90C9E-0CC1-47DA-99C5-7B97A09E7CBB}.Release|Any CPU.ActiveCfg = Release|Any CPU
		{A4A90C9E-0CC1-47DA-99C5-7B97A09E7CBB}.Release|Any CPU.Build.0 = Release|Any CPU
	EndGlobalSection
	GlobalSection(SolutionProperties) = preSolution
		HideSolutionNode = FALSE
	EndGlobalSection
	GlobalSection(ExtensibilityGlobals) = postSolution
		SolutionGuid = {FCBECC48-2EAC-40CE-B076-918EFD4D8462}
	EndGlobalSection
EndGlobal
